
Microsoft Visual Studio Solution File, Format Version 12.00
# Visual Studio Version 17
VisualStudioVersion = 17.9.34616.47
MinimumVisualStudioVersion = 10.0.40219.1
Project("{FAE04EC0-301F-11D3-BF4B-00C04F79EFBC}") = "Patterns_11", "Patterns_11.csproj", "{D24C0ECA-4CE5-48A7-9E16-4158F11D182C}"
EndProject
Global
	GlobalSection(SolutionConfigurationPlatforms) = preSolution
		Debug|Any CPU = Debug|Any CPU
		Release|Any CPU = Release|Any CPU
	EndGlobalSection
	GlobalSection(ProjectConfigurationPlatforms) = postSolution
		{D24C0ECA-4CE5-48A7-9E16-4158F11D182C}.Debug|Any CPU.ActiveCfg = Debug|Any CPU
		{D24C0ECA-4CE5-48A7-9E16-4158F11D182C}.Debug|Any CPU.Build.0 = Debug|Any CPU
		{D24C0ECA-4CE5-48A7-9E16-4158F11D182C}.Release|Any CPU.ActiveCfg = Release|Any CPU
		{D24C0ECA-4CE5-48A7-9E16-4158F11D182C}.Release|Any CPU.Build.0 = Release|Any CPU
	EndGlobalSection
	GlobalSection(SolutionProperties) = preSolution
		HideSolutionNode = FALSE
	EndGlobalSection
	GlobalSection(ExtensibilityGlobals) = postSolution
		SolutionGuid = {5AC5B1B5-7C2E-4D17-9D7A-71717FA2A88F}
	EndGlobalSection
EndGlobal
